{
    "_meta": {
        "hash": {
            "sha256": "3f8e0e85ffeb6f4d2b24e4cd52599592d0e814090db4cbe554ca7cbfa4984d79"
        },
        "pipfile-spec": 6,
        "requires": {
            "python_version": "3.10"
        },
        "sources": [
            {
                "name": "pypi",
                "url": "https://pypi.org/simple",
                "verify_ssl": true
            }
        ]
    },
    "default": {
        "mypy": {
            "hashes": [
                "sha256:02ef476f6dcb86e6f502ae39a16b93285fef97e7f1ff22932b657d1ef1f28655",
                "sha256:0d054ef16b071149917085f51f89555a576e2618d5d9dd70bd6eea6410af3ac9",
                "sha256:19830b7dba7d5356d3e26e2427a2ec91c994cd92d983142cbd025ebe81d69cf3",
                "sha256:1f7656b69974a6933e987ee8ffb951d836272d6c0f81d727f1d0e2696074d9e6",
                "sha256:23488a14a83bca6e54402c2e6435467a4138785df93ec85aeff64c6170077fb0",
                "sha256:23c7ff43fff4b0df93a186581885c8512bc50fc4d4910e0f838e35d6bb6b5e58",
                "sha256:25c5750ba5609a0c7550b73a33deb314ecfb559c350bb050b655505e8aed4103",
                "sha256:2ad53cf9c3adc43cf3bea0a7d01a2f2e86db9fe7596dfecb4496a5dda63cbb09",
                "sha256:3fa7a477b9900be9b7dd4bab30a12759e5abe9586574ceb944bc29cddf8f0417",
                "sha256:40b0f21484238269ae6a57200c807d80debc6459d444c0489a102d7c6a75fa56",
                "sha256:4b21e5b1a70dfb972490035128f305c39bc4bc253f34e96a4adf9127cf943eb2",
                "sha256:5a361d92635ad4ada1b1b2d3630fc2f53f2127d51cf2def9db83cba32e47c856",
                "sha256:77a514ea15d3007d33a9e2157b0ba9c267496acf12a7f2b9b9f8446337aac5b0",
                "sha256:855048b6feb6dfe09d3353466004490b1872887150c5bb5caad7838b57328cc8",
                "sha256:9796a2ba7b4b538649caa5cecd398d873f4022ed2333ffde58eaf604c4d2cb27",
                "sha256:98e02d56ebe93981c41211c05adb630d1d26c14195d04d95e49cd97dbc046dc5",
                "sha256:b793b899f7cf563b1e7044a5c97361196b938e92f0a4343a5d27966a53d2ec71",
                "sha256:d1ea5d12c8e2d266b5fb8c7a5d2e9c0219fedfeb493b7ed60cd350322384ac27",
                "sha256:d2022bfadb7a5c2ef410d6a7c9763188afdb7f3533f22a0a32be10d571ee4bbe",
                "sha256:d3348e7eb2eea2472db611486846742d5d52d1290576de99d59edeb7cd4a42ca",
                "sha256:d744f72eb39f69312bc6c2abf8ff6656973120e2eb3f3ec4f758ed47e414a4bf",
                "sha256:ef943c72a786b0f8d90fd76e9b39ce81fb7171172daf84bf43eaf937e9f220a9",
                "sha256:f2899a3cbd394da157194f913a931edfd4be5f274a88041c9dc2d9cdcb1c315c"
            ],
            "index": "pypi",
            "version": "==0.971"
        },
        "mypy-extensions": {
            "hashes": [
                "sha256:090fedd75945a69ae91ce1303b5824f428daf5a028d2f6ab8a299250a846f15d",
                "sha256:2d82818f5bb3e369420cb3c4060a7970edba416647068eb4c5343488a6c604a8"
            ],
            "version": "==0.4.3"
        },
        "panda3d": {
            "hashes": [
                "sha256:1a304215153156e29dc2503537faecc2a6e804bce16282df08dd31436f679b46",
                "sha256:22576f6ad1495c501cd7860eb761b3b54e87a0e7a43f7cc83419271dbf61f3d2",
                "sha256:24c370071f26868d31844ec283d8a125fc61b9bf7e143595e252bab95f60281f",
                "sha256:266971ce81a363ef8126760af8272d70d861e3f57b0713703fc7c3da76d169d7",
                "sha256:2685c5d9cd9fbb1f00a179e3a2c2b656ff814b94a68abf2d75f473dc2782755e",
                "sha256:2ddadcc3a2bdb5ffa52567dea7b2904cbe4589256fa3c4e23044390c3192be6a",
                "sha256:30d7d6d582d91956a5679e636725595ab909ef9dc97a65325213523f24000590",
                "sha256:346ad33ceda641acf3ee8830054824003fa89a924a62e5a9b2a46dd6e0a6e4af",
                "sha256:34b3a081fa16a78504ea7cba7e28644c293428479585e928c9446df40aaf380f",
                "sha256:367546010b99f470cad4e47e62845373f844cdca1f258c6398c5c190d6bb91b6",
                "sha256:3756d7423f05a8bf9c58043218f235bab9da1b5c5f53b63e6982d00dc6433cdb",
                "sha256:377f1b5757b3b24b79f5b606302c272129bb149d10390408ba321a49856f52d6",
                "sha256:3c7d751a47f58fb90ab48942f12ca425df2882b24236a90c32a6eec1c9a71c8d",
                "sha256:454e4e96b687d091019cd5823ffab24717801bd2dff3b24755e88c327c62161d",
                "sha256:4dfaaed960aba1e30734eb7890daabcde99d7946e7136458cd0764bf6e18ef52",
                "sha256:506d93d108cff578be8f800cb3e6d18083b5b9cfd70a500fd758902ba1d46240",
                "sha256:553e9ae529e5982acd1b40e8153f298a0c099cdb1dd8155e8da3c33513640ba8",
                "sha256:56fc20c0dc20fdbef2fd35686f265667e0aaa086b09fa198a393a7f2e75f8142",
                "sha256:594f37bdcdef60a45392b087bbf192d1acba6b63ede5c2097ac873fae2b5ac4a",
                "sha256:62074d14fcd66a1be752b8815a25b1e176182d482c1e49ff3a2ae8b89a32af51",
                "sha256:6224a1e8aa4832d22352be775b2efc19d65e273b74e22f8162e39a86089c695e",
                "sha256:6a62df5451feede1e294a786f7c458bfa12bba9624d78a988787f4ed79677227",
                "sha256:6d693baf0762e20a21085149dab354052e04c7654d37b733dfdc47a503dd8bfb",
                "sha256:716b48a3f798689623b480d47baed32ed6ccd8eb913f9d6d7b43d3c334acf122",
                "sha256:7448550a1fcb1e483a88adb52f4403e47e109902dfe30c041c46032a33a1da04",
                "sha256:83402fe575d6fdf6882f347cf69dac1483c254a426d1d7bcc7f7952617fd59b8",
                "sha256:893062cacc79fa8782356cd6407ed32fd9001dffce340b78a11dcc3e35a7ae12",
                "sha256:94d37d80be2a2ccbc44c1975a9de995adf5267535f460b6bdfb708fa93c1b5ba",
                "sha256:96da5d8d5024d240385ff565849a0074ec86ce0e8b80c8c1098e8b9c85253339",
                "sha256:995317da0ca6b08147e8f3110e7f998f8acf854fe746cebf984ef5dfcc0038cd",
                "sha256:9c3205b131aa3c0df0192c8d3c94febbc888bc531b71acdb4a93a38a80ff2826",
                "sha256:9f1c58b09413f08c9d9e4ec8da59bd606e668235a553df7a046a350868ee8ebf",
                "sha256:a14bcaabb84887c48433f95febd9ca0f3c41599b66adea03856bb279c87115f7",
                "sha256:a27230a80c49397c0bafabadc7cbdebaf54e7bceff26ea159af4d7812475ffd0",
                "sha256:a8d366c884fbf4d5a609d7b26d08c20eec94afbd9cd45b922d0fa518661b7b14",
                "sha256:a919b31c163de4b219c5945b242a5cefb4b86a4a0b72d8d3dc381ce1e7279051",
                "sha256:a9df0dc03f0a71c64a668d52e83e2d442a4b39edad9e66f6c105ba2ad9986e7b",
                "sha256:ab4bbfda45013191bbfd4f84e578728dbbb1969c54e95ae135ba98d9dadbab24",
                "sha256:b3c5f8a5436401cf35fe44be2809f50690e7eff1a530db3b6f3ae114fa1e1324",
                "sha256:bcc19ab3471d7c75681f1b7eb7b932da0de8e06b6587acbdc10da665ad4c9e8f",
                "sha256:bcc5a8aed0903ce52e227b0713d0169f8821ee0029912d0ad6eb76747b68812a",
                "sha256:d0c7fce3aeb865e06db509e546ac2f4cc9660c484852a87a48bb04d206aa464e",
                "sha256:d174b659f83066ba3f3eaa4b5f506c06dea4023c3ae8ddbbba9cf0f11a07fffa",
                "sha256:d203b2878e33dd8a52d446d140785fe02e19b2f7a9e738d9690a44b18315d267",
                "sha256:dbd394701ea9fc6e972b1b40308a0d92424f389dea57816b6dd7c108d0c79846",
                "sha256:dc8773cb30c50a38b1eb63bc070b5c9899d8d542c4985a829a77a5fbdcb2c430",
                "sha256:e25dd859c12091a9ab4d7393c0582681a1de432c04642f8a3a5445cd51d58943",
                "sha256:e3aa6339b71148e072ad9fbc3fc2e9d713727905268a00ecdf0a54cbffa0e855",
                "sha256:e6b14b89f65e9e7121199fef78e47a4f5c3bbc63f6819f28fbe1df833c9860ff",
                "sha256:e9266518d97c4bf2c8fb0e8d82afe6e3f73499229743f5a18b6ce9ee428668e7",
                "sha256:eb9e5ef36b2d9fa0ce9068cfb4db2c4727815d7e2ced15a703ce656fa9183c19",
                "sha256:ec01e532a0bfa5aba0c96178ae103cb114a63ce8fbd5ab982ce16e2c77d3f2b1",
                "sha256:efe5422a7df6583dd777852628c2052d458d3869b7f81feaa131003613a60c88",
                "sha256:f32ebab469586181c2ff0b3ee2921cf9e5c2d5d34bb0320a88f04b95cd7fec30",
                "sha256:f493a566f5f87b0370c50cc7bacb325d3c26e23832391b0b106c2f98ab0ae08c",
                "sha256:f5ff0d112a5892564327833c68db91fb7498b53365dd19b0b8a50c887d566fd9",
                "sha256:f64cc1092f41bbfb92fb44723e85a850179a52dd029674e54cfcf8f9dc8013b7"
            ],
            "index": "pypi",
            "version": "==1.10.11"
        },
        "tomli": {
            "hashes": [
                "sha256:939de3e7a6161af0c887ef91b7d41a53e7c5a1ca976325f429cb46ea9bc30ecc",
                "sha256:de526c12914f0c550d15924c62d72abc48d6fe7364aa87328337a31007fe8a4f"
            ],
            "markers": "python_version < '3.11'",
            "version": "==2.0.1"
        },
        "typing-extensions": {
            "hashes": [
                "sha256:25642c956049920a5aa49edcdd6ab1e06d7e5d467fc00e0506c44ac86fbfca02",
                "sha256:e6d2677a32f47fc7eb2795db1dd15c1f34eff616bcaf2cfb5e997f854fa1c4a6"
            ],
            "markers": "python_version >= '3.7'",
            "version": "==4.3.0"
        }
    },
    "develop": {
        "mypy": {
            "hashes": [
                "sha256:02ef476f6dcb86e6f502ae39a16b93285fef97e7f1ff22932b657d1ef1f28655",
                "sha256:0d054ef16b071149917085f51f89555a576e2618d5d9dd70bd6eea6410af3ac9",
                "sha256:19830b7dba7d5356d3e26e2427a2ec91c994cd92d983142cbd025ebe81d69cf3",
                "sha256:1f7656b69974a6933e987ee8ffb951d836272d6c0f81d727f1d0e2696074d9e6",
                "sha256:23488a14a83bca6e54402c2e6435467a4138785df93ec85aeff64c6170077fb0",
                "sha256:23c7ff43fff4b0df93a186581885c8512bc50fc4d4910e0f838e35d6bb6b5e58",
                "sha256:25c5750ba5609a0c7550b73a33deb314ecfb559c350bb050b655505e8aed4103",
                "sha256:2ad53cf9c3adc43cf3bea0a7d01a2f2e86db9fe7596dfecb4496a5dda63cbb09",
                "sha256:3fa7a477b9900be9b7dd4bab30a12759e5abe9586574ceb944bc29cddf8f0417",
                "sha256:40b0f21484238269ae6a57200c807d80debc6459d444c0489a102d7c6a75fa56",
                "sha256:4b21e5b1a70dfb972490035128f305c39bc4bc253f34e96a4adf9127cf943eb2",
                "sha256:5a361d92635ad4ada1b1b2d3630fc2f53f2127d51cf2def9db83cba32e47c856",
                "sha256:77a514ea15d3007d33a9e2157b0ba9c267496acf12a7f2b9b9f8446337aac5b0",
                "sha256:855048b6feb6dfe09d3353466004490b1872887150c5bb5caad7838b57328cc8",
                "sha256:9796a2ba7b4b538649caa5cecd398d873f4022ed2333ffde58eaf604c4d2cb27",
                "sha256:98e02d56ebe93981c41211c05adb630d1d26c14195d04d95e49cd97dbc046dc5",
                "sha256:b793b899f7cf563b1e7044a5c97361196b938e92f0a4343a5d27966a53d2ec71",
                "sha256:d1ea5d12c8e2d266b5fb8c7a5d2e9c0219fedfeb493b7ed60cd350322384ac27",
                "sha256:d2022bfadb7a5c2ef410d6a7c9763188afdb7f3533f22a0a32be10d571ee4bbe",
                "sha256:d3348e7eb2eea2472db611486846742d5d52d1290576de99d59edeb7cd4a42ca",
                "sha256:d744f72eb39f69312bc6c2abf8ff6656973120e2eb3f3ec4f758ed47e414a4bf",
                "sha256:ef943c72a786b0f8d90fd76e9b39ce81fb7171172daf84bf43eaf937e9f220a9",
                "sha256:f2899a3cbd394da157194f913a931edfd4be5f274a88041c9dc2d9cdcb1c315c"
            ],
            "index": "pypi",
            "version": "==0.971"
        },
        "mypy-extensions": {
            "hashes": [
                "sha256:090fedd75945a69ae91ce1303b5824f428daf5a028d2f6ab8a299250a846f15d",
                "sha256:2d82818f5bb3e369420cb3c4060a7970edba416647068eb4c5343488a6c604a8"
            ],
            "version": "==0.4.3"
        },
        "tomli": {
            "hashes": [
                "sha256:939de3e7a6161af0c887ef91b7d41a53e7c5a1ca976325f429cb46ea9bc30ecc",
                "sha256:de526c12914f0c550d15924c62d72abc48d6fe7364aa87328337a31007fe8a4f"
            ],
            "markers": "python_version < '3.11'",
            "version": "==2.0.1"
        },
        "typing-extensions": {
            "hashes": [
                "sha256:25642c956049920a5aa49edcdd6ab1e06d7e5d467fc00e0506c44ac86fbfca02",
                "sha256:e6d2677a32f47fc7eb2795db1dd15c1f34eff616bcaf2cfb5e997f854fa1c4a6"
            ],
            "markers": "python_version >= '3.7'",
            "version": "==4.3.0"
        }
    }
}
